// !$*UTF8*$!
{
	archiveVersion = 1;
	classes = {
	};
	objectVersion = 46;
	objects = {

/* Begin PBXBuildFile section */
		5EF987B54FD99B5B151B354B /* libPods-HLLRoot.a in Frameworks */ = {isa = PBXBuildFile; fileRef = 54D595E2D29A7054731EAC26 /* libPods-HLLRoot.a */; };
		D71040A71DBC9821000A8F9B /* UIImage+Common.m in Sources */ = {isa = PBXBuildFile; fileRef = D71040A61DBC9821000A8F9B /* UIImage+Common.m */; };
		D71040AB1DBC9E71000A8F9B /* HLLPlaceholderTextView.m in Sources */ = {isa = PBXBuildFile; fileRef = D71040AA1DBC9E71000A8F9B /* HLLPlaceholderTextView.m */; };
		D71040AE1DBC9FD2000A8F9B /* UILabel+ContentSize.m in Sources */ = {isa = PBXBuildFile; fileRef = D71040AD1DBC9FD2000A8F9B /* UILabel+ContentSize.m */; };
		D71040B11DBCA906000A8F9B /* TestPageRequestViewController.m in Sources */ = {isa = PBXBuildFile; fileRef = D71040B01DBCA905000A8F9B /* TestPageRequestViewController.m */; };
		D71040B41DBCCD3A000A8F9B /* TestMultiRequestViewController.m in Sources */ = {isa = PBXBuildFile; fileRef = D71040B31DBCCD3A000A8F9B /* TestMultiRequestViewController.m */; };
		D71040B71DBCF2CA000A8F9B /* TestDownloadRequestViewController.m in Sources */ = {isa = PBXBuildFile; fileRef = D71040B61DBCF2CA000A8F9B /* TestDownloadRequestViewController.m */; };
		D71040BA1DBCF2E1000A8F9B /* TestUploadRequestViewController.m in Sources */ = {isa = PBXBuildFile; fileRef = D71040B91DBCF2E1000A8F9B /* TestUploadRequestViewController.m */; };
		D71040BD1DBD0C55000A8F9B /* AFHTTPSessionManager+AutoRetry.m in Sources */ = {isa = PBXBuildFile; fileRef = D71040BC1DBD0C55000A8F9B /* AFHTTPSessionManager+AutoRetry.m */; };
		D71040C01DBD255C000A8F9B /* NSString+Common.m in Sources */ = {isa = PBXBuildFile; fileRef = D71040BF1DBD255C000A8F9B /* NSString+Common.m */; };
		D7606FA31DC2FEA500B34533 /* TestEncryptionRequestViewController.m in Sources */ = {isa = PBXBuildFile; fileRef = D7606FA21DC2FEA500B34533 /* TestEncryptionRequestViewController.m */; };
		D7A09F3E1DBB99CD00C93B2D /* HLLNoDataView.m in Sources */ = {isa = PBXBuildFile; fileRef = D7A09F3D1DBB99CD00C93B2D /* HLLNoDataView.m */; };
		D7A09F4C1DBB9C5500C93B2D /* UIColor+Common.m in Sources */ = {isa = PBXBuildFile; fileRef = D7A09F421DBB9C5500C93B2D /* UIColor+Common.m */; };
		D7A09F4E1DBB9C5500C93B2D /* UIScrollView+HLLInfiniteScrollingView.m in Sources */ = {isa = PBXBuildFile; fileRef = D7A09F491DBB9C5500C93B2D /* UIScrollView+HLLInfiniteScrollingView.m */; };
		D7A09F4F1DBB9C5500C93B2D /* UIScrollView+HLLPullToRefreshView.m in Sources */ = {isa = PBXBuildFile; fileRef = D7A09F4B1DBB9C5500C93B2D /* UIScrollView+HLLPullToRefreshView.m */; };
		D7A09F521DBBB4DB00C93B2D /* UIImage+ImageEffects.m in Sources */ = {isa = PBXBuildFile; fileRef = D7A09F511DBBB4DB00C93B2D /* UIImage+ImageEffects.m */; };
		D7A09F551DBBD11000C93B2D /* HLLListViewController.m in Sources */ = {isa = PBXBuildFile; fileRef = D7A09F541DBBD11000C93B2D /* HLLListViewController.m */; };
		D7A09F711DBBDF1600C93B2D /* HLLBaseRequestAdapter.m in Sources */ = {isa = PBXBuildFile; fileRef = D7A09F701DBBDF1600C93B2D /* HLLBaseRequestAdapter.m */; };
		D7A09F831DBC0D0E00C93B2D /* TestOneRequestViewController.m in Sources */ = {isa = PBXBuildFile; fileRef = D7A09F821DBC0D0E00C93B2D /* TestOneRequestViewController.m */; };
		D7B5D7381DC495F8002D0819 /* HLLNetworking.m in Sources */ = {isa = PBXBuildFile; fileRef = D7B5D72A1DC495F8002D0819 /* HLLNetworking.m */; };
		D7B5D7391DC495F8002D0819 /* HLLRequestBodyType.m in Sources */ = {isa = PBXBuildFile; fileRef = D7B5D72D1DC495F8002D0819 /* HLLRequestBodyType.m */; };
		D7B5D73A1DC495F8002D0819 /* HLLRequestMethodType.m in Sources */ = {isa = PBXBuildFile; fileRef = D7B5D7311DC495F8002D0819 /* HLLRequestMethodType.m */; };
		D7B5D73B1DC495F8002D0819 /* HLLResponseDataType.m in Sources */ = {isa = PBXBuildFile; fileRef = D7B5D7351DC495F8002D0819 /* HLLResponseDataType.m */; };
		D7B5D73C1DC495F8002D0819 /* V_3_X_Networking.m in Sources */ = {isa = PBXBuildFile; fileRef = D7B5D7371DC495F8002D0819 /* V_3_X_Networking.m */; };
		D7BB78E01DB91CB20073B2DC /* main.m in Sources */ = {isa = PBXBuildFile; fileRef = D7BB78DF1DB91CB20073B2DC /* main.m */; };
		D7BB78E31DB91CB20073B2DC /* AppDelegate.m in Sources */ = {isa = PBXBuildFile; fileRef = D7BB78E21DB91CB20073B2DC /* AppDelegate.m */; };
		D7BB78E61DB91CB20073B2DC /* ViewController.m in Sources */ = {isa = PBXBuildFile; fileRef = D7BB78E51DB91CB20073B2DC /* ViewController.m */; };
		D7BB78EB1DB91CB20073B2DC /* Assets.xcassets in Resources */ = {isa = PBXBuildFile; fileRef = D7BB78EA1DB91CB20073B2DC /* Assets.xcassets */; };
		D7BB78F91DB91CB20073B2DC /* HLLRootUITests.m in Sources */ = {isa = PBXBuildFile; fileRef = D7BB78F81DB91CB20073B2DC /* HLLRootUITests.m */; };
		D7BB790B1DB925080073B2DC /* HLLBaseViewController.m in Sources */ = {isa = PBXBuildFile; fileRef = D7BB790A1DB925080073B2DC /* HLLBaseViewController.m */; };
		D7CDB8821DBEEDAE00925DE2 /* PullToRefreshView.m in Sources */ = {isa = PBXBuildFile; fileRef = D7CDB8811DBEEDAE00925DE2 /* PullToRefreshView.m */; };
		D7D46B931DC0FCE3004B0B95 /* FileHandle.m in Sources */ = {isa = PBXBuildFile; fileRef = D7D46B921DC0FCE3004B0B95 /* FileHandle.m */; };
		D7E82C601DBDF42F00EF6564 /* TestPageRequestSecondViewController.m in Sources */ = {isa = PBXBuildFile; fileRef = D7E82C5F1DBDF42F00EF6564 /* TestPageRequestSecondViewController.m */; };
		D7E82C641DBDF83700EF6564 /* TestCollectionViewCell.m in Sources */ = {isa = PBXBuildFile; fileRef = D7E82C621DBDF83700EF6564 /* TestCollectionViewCell.m */; };
		D7E82C651DBDF83700EF6564 /* TestCollectionViewCell.xib in Resources */ = {isa = PBXBuildFile; fileRef = D7E82C631DBDF83700EF6564 /* TestCollectionViewCell.xib */; };
		D7E82C681DBE508E00EF6564 /* TestPageRequestThirdViewController.m in Sources */ = {isa = PBXBuildFile; fileRef = D7E82C671DBE508E00EF6564 /* TestPageRequestThirdViewController.m */; };
		D7EB3E2E1DBFA0B4004B6730 /* HLLBaseFileHandleAdapter.m in Sources */ = {isa = PBXBuildFile; fileRef = D7EB3E2D1DBFA0B4004B6730 /* HLLBaseFileHandleAdapter.m */; };
		D7EB3E311DBFA0F3004B6730 /* HLLBasePagingAdapter.m in Sources */ = {isa = PBXBuildFile; fileRef = D7EB3E301DBFA0F3004B6730 /* HLLBasePagingAdapter.m */; };
		D7EB3E331DBFCE2E004B6730 /* background.jpeg in Resources */ = {isa = PBXBuildFile; fileRef = D7EB3E321DBFCE2E004B6730 /* background.jpeg */; };
		D7EB3E361DC0403C004B6730 /* UIViewController+PhotoPicker.m in Sources */ = {isa = PBXBuildFile; fileRef = D7EB3E351DC0403C004B6730 /* UIViewController+PhotoPicker.m */; };
/* End PBXBuildFile section */

/* Begin PBXContainerItemProxy section */
		D7BB78F51DB91CB20073B2DC /* PBXContainerItemProxy */ = {
			isa = PBXContainerItemProxy;
			containerPortal = D7BB78D31DB91CB20073B2DC /* Project object */;
			proxyType = 1;
			remoteGlobalIDString = D7BB78DA1DB91CB20073B2DC;
			remoteInfo = HLLRoot;
		};
/* End PBXContainerItemProxy section */

/* Begin PBXFileReference section */
		54D595E2D29A7054731EAC26 /* libPods-HLLRoot.a */ = {isa = PBXFileReference; explicitFileType = archive.ar; includeInIndex = 0; path = "libPods-HLLRoot.a"; sourceTree = BUILT_PRODUCTS_DIR; };
		5AE209B837F9FD1EB2C40905 /* Pods-HLLRoot.debug.xcconfig */ = {isa = PBXFileReference; includeInIndex = 1; lastKnownFileType = text.xcconfig; name = "Pods-HLLRoot.debug.xcconfig"; path = "Pods/Target Support Files/Pods-HLLRoot/Pods-HLLRoot.debug.xcconfig"; sourceTree = "<group>"; };
		98CE546AA43B0870196F27D0 /* Pods-HLLRoot.release.xcconfig */ = {isa = PBXFileReference; includeInIndex = 1; lastKnownFileType = text.xcconfig; name = "Pods-HLLRoot.release.xcconfig"; path = "Pods/Target Support Files/Pods-HLLRoot/Pods-HLLRoot.release.xcconfig"; sourceTree = "<group>"; };
		D71040A51DBC9821000A8F9B /* UIImage+Common.h */ = {isa = PBXFileReference; fileEncoding = 4; lastKnownFileType = sourcecode.c.h; path = "UIImage+Common.h"; sourceTree = "<group>"; };
		D71040A61DBC9821000A8F9B /* UIImage+Common.m */ = {isa = PBXFileReference; fileEncoding = 4; lastKnownFileType = sourcecode.c.objc; path = "UIImage+Common.m"; sourceTree = "<group>"; };
		D71040A91DBC9E71000A8F9B /* HLLPlaceholderTextView.h */ = {isa = PBXFileReference; fileEncoding = 4; lastKnownFileType = sourcecode.c.h; path = HLLPlaceholderTextView.h; sourceTree = "<group>"; };
		D71040AA1DBC9E71000A8F9B /* HLLPlaceholderTextView.m */ = {isa = PBXFileReference; fileEncoding = 4; lastKnownFileType = sourcecode.c.objc; path = HLLPlaceholderTextView.m; sourceTree = "<group>"; };
		D71040AC1DBC9FD2000A8F9B /* UILabel+ContentSize.h */ = {isa = PBXFileReference; fileEncoding = 4; lastKnownFileType = sourcecode.c.h; path = "UILabel+ContentSize.h"; sourceTree = "<group>"; };
		D71040AD1DBC9FD2000A8F9B /* UILabel+ContentSize.m */ = {isa = PBXFileReference; fileEncoding = 4; lastKnownFileType = sourcecode.c.objc; path = "UILabel+ContentSize.m"; sourceTree = "<group>"; };
		D71040AF1DBCA905000A8F9B /* TestPageRequestViewController.h */ = {isa = PBXFileReference; fileEncoding = 4; lastKnownFileType = sourcecode.c.h; path = TestPageRequestViewController.h; sourceTree = "<group>"; };
		D71040B01DBCA905000A8F9B /* TestPageRequestViewController.m */ = {isa = PBXFileReference; fileEncoding = 4; lastKnownFileType = sourcecode.c.objc; path = TestPageRequestViewController.m; sourceTree = "<group>"; };
		D71040B21DBCCD3A000A8F9B /* TestMultiRequestViewController.h */ = {isa = PBXFileReference; fileEncoding = 4; lastKnownFileType = sourcecode.c.h; path = TestMultiRequestViewController.h; sourceTree = "<group>"; };
		D71040B31DBCCD3A000A8F9B /* TestMultiRequestViewController.m */ = {isa = PBXFileReference; fileEncoding = 4; lastKnownFileType = sourcecode.c.objc; path = TestMultiRequestViewController.m; sourceTree = "<group>"; };
		D71040B51DBCF2CA000A8F9B /* TestDownloadRequestViewController.h */ = {isa = PBXFileReference; fileEncoding = 4; lastKnownFileType = sourcecode.c.h; path = TestDownloadRequestViewController.h; sourceTree = "<group>"; };
		D71040B61DBCF2CA000A8F9B /* TestDownloadRequestViewController.m */ = {isa = PBXFileReference; fileEncoding = 4; lastKnownFileType = sourcecode.c.objc; path = TestDownloadRequestViewController.m; sourceTree = "<group>"; };
		D71040B81DBCF2E1000A8F9B /* TestUploadRequestViewController.h */ = {isa = PBXFileReference; fileEncoding = 4; lastKnownFileType = sourcecode.c.h; path = TestUploadRequestViewController.h; sourceTree = "<group>"; };
		D71040B91DBCF2E1000A8F9B /* TestUploadRequestViewController.m */ = {isa = PBXFileReference; fileEncoding = 4; lastKnownFileType = sourcecode.c.objc; path = TestUploadRequestViewController.m; sourceTree = "<group>"; };
		D71040BB1DBD0C55000A8F9B /* AFHTTPSessionManager+AutoRetry.h */ = {isa = PBXFileReference; fileEncoding = 4; lastKnownFileType = sourcecode.c.h; path = "AFHTTPSessionManager+AutoRetry.h"; sourceTree = "<group>"; };
		D71040BC1DBD0C55000A8F9B /* AFHTTPSessionManager+AutoRetry.m */ = {isa = PBXFileReference; fileEncoding = 4; lastKnownFileType = sourcecode.c.objc; path = "AFHTTPSessionManager+AutoRetry.m"; sourceTree = "<group>"; };
		D71040BE1DBD255C000A8F9B /* NSString+Common.h */ = {isa = PBXFileReference; fileEncoding = 4; lastKnownFileType = sourcecode.c.h; path = "NSString+Common.h"; sourceTree = "<group>"; };
		D71040BF1DBD255C000A8F9B /* NSString+Common.m */ = {isa = PBXFileReference; fileEncoding = 4; lastKnownFileType = sourcecode.c.objc; path = "NSString+Common.m"; sourceTree = "<group>"; };
		D7606FA11DC2FEA500B34533 /* TestEncryptionRequestViewController.h */ = {isa = PBXFileReference; fileEncoding = 4; lastKnownFileType = sourcecode.c.h; path = TestEncryptionRequestViewController.h; sourceTree = "<group>"; };
		D7606FA21DC2FEA500B34533 /* TestEncryptionRequestViewController.m */ = {isa = PBXFileReference; fileEncoding = 4; lastKnownFileType = sourcecode.c.objc; path = TestEncryptionRequestViewController.m; sourceTree = "<group>"; };
		D7A09F3C1DBB99CD00C93B2D /* HLLNoDataView.h */ = {isa = PBXFileReference; fileEncoding = 4; lastKnownFileType = sourcecode.c.h; path = HLLNoDataView.h; sourceTree = "<group>"; };
		D7A09F3D1DBB99CD00C93B2D /* HLLNoDataView.m */ = {isa = PBXFileReference; fileEncoding = 4; lastKnownFileType = sourcecode.c.objc; path = HLLNoDataView.m; sourceTree = "<group>"; };
		D7A09F3F1DBB9A3100C93B2D /* PrefixHeader.pch */ = {isa = PBXFileReference; lastKnownFileType = sourcecode.c.h; path = PrefixHeader.pch; sourceTree = "<group>"; };
		D7A09F411DBB9C5500C93B2D /* UIColor+Common.h */ = {isa = PBXFileReference; fileEncoding = 4; lastKnownFileType = sourcecode.c.h; path = "UIColor+Common.h"; sourceTree = "<group>"; };
		D7A09F421DBB9C5500C93B2D /* UIColor+Common.m */ = {isa = PBXFileReference; fileEncoding = 4; lastKnownFileType = sourcecode.c.objc; path = "UIColor+Common.m"; sourceTree = "<group>"; };
		D7A09F451DBB9C5500C93B2D /* HLLPullToRefreshInfiniteScrollHeader.h */ = {isa = PBXFileReference; fileEncoding = 4; lastKnownFileType = sourcecode.c.h; path = HLLPullToRefreshInfiniteScrollHeader.h; sourceTree = "<group>"; };
		D7A09F481DBB9C5500C93B2D /* UIScrollView+HLLInfiniteScrollingView.h */ = {isa = PBXFileReference; fileEncoding = 4; lastKnownFileType = sourcecode.c.h; path = "UIScrollView+HLLInfiniteScrollingView.h"; sourceTree = "<group>"; };
		D7A09F491DBB9C5500C93B2D /* UIScrollView+HLLInfiniteScrollingView.m */ = {isa = PBXFileReference; fileEncoding = 4; lastKnownFileType = sourcecode.c.objc; path = "UIScrollView+HLLInfiniteScrollingView.m"; sourceTree = "<group>"; };
		D7A09F4A1DBB9C5500C93B2D /* UIScrollView+HLLPullToRefreshView.h */ = {isa = PBXFileReference; fileEncoding = 4; lastKnownFileType = sourcecode.c.h; path = "UIScrollView+HLLPullToRefreshView.h"; sourceTree = "<group>"; };
		D7A09F4B1DBB9C5500C93B2D /* UIScrollView+HLLPullToRefreshView.m */ = {isa = PBXFileReference; fileEncoding = 4; lastKnownFileType = sourcecode.c.objc; path = "UIScrollView+HLLPullToRefreshView.m"; sourceTree = "<group>"; };
		D7A09F501DBBB4DB00C93B2D /* UIImage+ImageEffects.h */ = {isa = PBXFileReference; fileEncoding = 4; lastKnownFileType = sourcecode.c.h; path = "UIImage+ImageEffects.h"; sourceTree = "<group>"; };
		D7A09F511DBBB4DB00C93B2D /* UIImage+ImageEffects.m */ = {isa = PBXFileReference; fileEncoding = 4; lastKnownFileType = sourcecode.c.objc; path = "UIImage+ImageEffects.m"; sourceTree = "<group>"; };
		D7A09F531DBBD11000C93B2D /* HLLListViewController.h */ = {isa = PBXFileReference; fileEncoding = 4; lastKnownFileType = sourcecode.c.h; path = HLLListViewController.h; sourceTree = "<group>"; };
		D7A09F541DBBD11000C93B2D /* HLLListViewController.m */ = {isa = PBXFileReference; fileEncoding = 4; lastKnownFileType = sourcecode.c.objc; path = HLLListViewController.m; sourceTree = "<group>"; };
		D7A09F6F1DBBDF1600C93B2D /* HLLBaseRequestAdapter.h */ = {isa = PBXFileReference; fileEncoding = 4; lastKnownFileType = sourcecode.c.h; path = HLLBaseRequestAdapter.h; sourceTree = "<group>"; };
		D7A09F701DBBDF1600C93B2D /* HLLBaseRequestAdapter.m */ = {isa = PBXFileReference; fileEncoding = 4; lastKnownFileType = sourcecode.c.objc; path = HLLBaseRequestAdapter.m; sourceTree = "<group>"; };
		D7A09F7B1DBC080A00C93B2D /* HLLNibProtocol.h */ = {isa = PBXFileReference; fileEncoding = 4; lastKnownFileType = sourcecode.c.h; path = HLLNibProtocol.h; sourceTree = "<group>"; };
		D7A09F811DBC0D0E00C93B2D /* TestOneRequestViewController.h */ = {isa = PBXFileReference; fileEncoding = 4; lastKnownFileType = sourcecode.c.h; path = TestOneRequestViewController.h; sourceTree = "<group>"; };
		D7A09F821DBC0D0E00C93B2D /* TestOneRequestViewController.m */ = {isa = PBXFileReference; fileEncoding = 4; lastKnownFileType = sourcecode.c.objc; path = TestOneRequestViewController.m; sourceTree = "<group>"; };
		D7B5D7291DC495F8002D0819 /* HLLNetworking.h */ = {isa = PBXFileReference; fileEncoding = 4; lastKnownFileType = sourcecode.c.h; path = HLLNetworking.h; sourceTree = "<group>"; };
		D7B5D72A1DC495F8002D0819 /* HLLNetworking.m */ = {isa = PBXFileReference; fileEncoding = 4; lastKnownFileType = sourcecode.c.objc; path = HLLNetworking.m; sourceTree = "<group>"; };
		D7B5D72C1DC495F8002D0819 /* HLLRequestBodyType.h */ = {isa = PBXFileReference; fileEncoding = 4; lastKnownFileType = sourcecode.c.h; path = HLLRequestBodyType.h; sourceTree = "<group>"; };
		D7B5D72D1DC495F8002D0819 /* HLLRequestBodyType.m */ = {isa = PBXFileReference; fileEncoding = 4; lastKnownFileType = sourcecode.c.objc; path = HLLRequestBodyType.m; sourceTree = "<group>"; };
		D7B5D72E1DC495F8002D0819 /* HLLRequestDictionarySerializer.h */ = {isa = PBXFileReference; fileEncoding = 4; lastKnownFileType = sourcecode.c.h; path = HLLRequestDictionarySerializer.h; sourceTree = "<group>"; };
		D7B5D7301DC495F8002D0819 /* HLLRequestMethodType.h */ = {isa = PBXFileReference; fileEncoding = 4; lastKnownFileType = sourcecode.c.h; path = HLLRequestMethodType.h; sourceTree = "<group>"; };
		D7B5D7311DC495F8002D0819 /* HLLRequestMethodType.m */ = {isa = PBXFileReference; fileEncoding = 4; lastKnownFileType = sourcecode.c.objc; path = HLLRequestMethodType.m; sourceTree = "<group>"; };
		D7B5D7331DC495F8002D0819 /* HLLResponseDataSerializer.h */ = {isa = PBXFileReference; fileEncoding = 4; lastKnownFileType = sourcecode.c.h; path = HLLResponseDataSerializer.h; sourceTree = "<group>"; };
		D7B5D7341DC495F8002D0819 /* HLLResponseDataType.h */ = {isa = PBXFileReference; fileEncoding = 4; lastKnownFileType = sourcecode.c.h; path = HLLResponseDataType.h; sourceTree = "<group>"; };
		D7B5D7351DC495F8002D0819 /* HLLResponseDataType.m */ = {isa = PBXFileReference; fileEncoding = 4; lastKnownFileType = sourcecode.c.objc; path = HLLResponseDataType.m; sourceTree = "<group>"; };
		D7B5D7361DC495F8002D0819 /* V_3_X_Networking.h */ = {isa = PBXFileReference; fileEncoding = 4; lastKnownFileType = sourcecode.c.h; path = V_3_X_Networking.h; sourceTree = "<group>"; };
		D7B5D7371DC495F8002D0819 /* V_3_X_Networking.m */ = {isa = PBXFileReference; fileEncoding = 4; lastKnownFileType = sourcecode.c.objc; path = V_3_X_Networking.m; sourceTree = "<group>"; };
		D7BB78DB1DB91CB20073B2DC /* HLLRoot.app */ = {isa = PBXFileReference; explicitFileType = wrapper.application; includeInIndex = 0; path = HLLRoot.app; sourceTree = BUILT_PRODUCTS_DIR; };
		D7BB78DF1DB91CB20073B2DC /* main.m */ = {isa = PBXFileReference; lastKnownFileType = sourcecode.c.objc; path = main.m; sourceTree = "<group>"; };
		D7BB78E11DB91CB20073B2DC /* AppDelegate.h */ = {isa = PBXFileReference; lastKnownFileType = sourcecode.c.h; path = AppDelegate.h; sourceTree = "<group>"; };
		D7BB78E21DB91CB20073B2DC /* AppDelegate.m */ = {isa = PBXFileReference; lastKnownFileType = sourcecode.c.objc; path = AppDelegate.m; sourceTree = "<group>"; };
		D7BB78E41DB91CB20073B2DC /* ViewController.h */ = {isa = PBXFileReference; lastKnownFileType = sourcecode.c.h; path = ViewController.h; sourceTree = "<group>"; };
		D7BB78E51DB91CB20073B2DC /* ViewController.m */ = {isa = PBXFileReference; lastKnownFileType = sourcecode.c.objc; path = ViewController.m; sourceTree = "<group>"; };
		D7BB78EA1DB91CB20073B2DC /* Assets.xcassets */ = {isa = PBXFileReference; lastKnownFileType = folder.assetcatalog; path = Assets.xcassets; sourceTree = "<group>"; };
		D7BB78EF1DB91CB20073B2DC /* Info.plist */ = {isa = PBXFileReference; lastKnownFileType = text.plist.xml; path = Info.plist; sourceTree = "<group>"; };
		D7BB78F41DB91CB20073B2DC /* HLLRootUITests.xctest */ = {isa = PBXFileReference; explicitFileType = wrapper.cfbundle; includeInIndex = 0; path = HLLRootUITests.xctest; sourceTree = BUILT_PRODUCTS_DIR; };
		D7BB78F81DB91CB20073B2DC /* HLLRootUITests.m */ = {isa = PBXFileReference; lastKnownFileType = sourcecode.c.objc; path = HLLRootUITests.m; sourceTree = "<group>"; };
		D7BB78FA1DB91CB20073B2DC /* Info.plist */ = {isa = PBXFileReference; lastKnownFileType = text.plist.xml; path = Info.plist; sourceTree = "<group>"; };
		D7BB79091DB925080073B2DC /* HLLBaseViewController.h */ = {isa = PBXFileReference; fileEncoding = 4; lastKnownFileType = sourcecode.c.h; path = HLLBaseViewController.h; sourceTree = "<group>"; };
		D7BB790A1DB925080073B2DC /* HLLBaseViewController.m */ = {isa = PBXFileReference; fileEncoding = 4; lastKnownFileType = sourcecode.c.objc; path = HLLBaseViewController.m; sourceTree = "<group>"; };
		D7CDB8801DBEEDAE00925DE2 /* PullToRefreshView.h */ = {isa = PBXFileReference; fileEncoding = 4; lastKnownFileType = sourcecode.c.h; path = PullToRefreshView.h; sourceTree = "<group>"; };
		D7CDB8811DBEEDAE00925DE2 /* PullToRefreshView.m */ = {isa = PBXFileReference; fileEncoding = 4; lastKnownFileType = sourcecode.c.objc; path = PullToRefreshView.m; sourceTree = "<group>"; };
		D7D46B911DC0FCE3004B0B95 /* FileHandle.h */ = {isa = PBXFileReference; fileEncoding = 4; lastKnownFileType = sourcecode.c.h; path = FileHandle.h; sourceTree = "<group>"; };
		D7D46B921DC0FCE3004B0B95 /* FileHandle.m */ = {isa = PBXFileReference; fileEncoding = 4; lastKnownFileType = sourcecode.c.objc; path = FileHandle.m; sourceTree = "<group>"; };
		D7E82C5E1DBDF42F00EF6564 /* TestPageRequestSecondViewController.h */ = {isa = PBXFileReference; fileEncoding = 4; lastKnownFileType = sourcecode.c.h; path = TestPageRequestSecondViewController.h; sourceTree = "<group>"; };
		D7E82C5F1DBDF42F00EF6564 /* TestPageRequestSecondViewController.m */ = {isa = PBXFileReference; fileEncoding = 4; lastKnownFileType = sourcecode.c.objc; path = TestPageRequestSecondViewController.m; sourceTree = "<group>"; };
		D7E82C611DBDF83700EF6564 /* TestCollectionViewCell.h */ = {isa = PBXFileReference; fileEncoding = 4; lastKnownFileType = sourcecode.c.h; path = TestCollectionViewCell.h; sourceTree = "<group>"; };
		D7E82C621DBDF83700EF6564 /* TestCollectionViewCell.m */ = {isa = PBXFileReference; fileEncoding = 4; lastKnownFileType = sourcecode.c.objc; path = TestCollectionViewCell.m; sourceTree = "<group>"; };
		D7E82C631DBDF83700EF6564 /* TestCollectionViewCell.xib */ = {isa = PBXFileReference; fileEncoding = 4; lastKnownFileType = file.xib; path = TestCollectionViewCell.xib; sourceTree = "<group>"; };
		D7E82C661DBE508E00EF6564 /* TestPageRequestThirdViewController.h */ = {isa = PBXFileReference; fileEncoding = 4; lastKnownFileType = sourcecode.c.h; path = TestPageRequestThirdViewController.h; sourceTree = "<group>"; };
		D7E82C671DBE508E00EF6564 /* TestPageRequestThirdViewController.m */ = {isa = PBXFileReference; fileEncoding = 4; lastKnownFileType = sourcecode.c.objc; path = TestPageRequestThirdViewController.m; sourceTree = "<group>"; };
		D7EB3E2C1DBFA0B4004B6730 /* HLLBaseFileHandleAdapter.h */ = {isa = PBXFileReference; fileEncoding = 4; lastKnownFileType = sourcecode.c.h; path = HLLBaseFileHandleAdapter.h; sourceTree = "<group>"; };
		D7EB3E2D1DBFA0B4004B6730 /* HLLBaseFileHandleAdapter.m */ = {isa = PBXFileReference; fileEncoding = 4; lastKnownFileType = sourcecode.c.objc; path = HLLBaseFileHandleAdapter.m; sourceTree = "<group>"; };
		D7EB3E2F1DBFA0F3004B6730 /* HLLBasePagingAdapter.h */ = {isa = PBXFileReference; fileEncoding = 4; lastKnownFileType = sourcecode.c.h; path = HLLBasePagingAdapter.h; sourceTree = "<group>"; };
		D7EB3E301DBFA0F3004B6730 /* HLLBasePagingAdapter.m */ = {isa = PBXFileReference; fileEncoding = 4; lastKnownFileType = sourcecode.c.objc; path = HLLBasePagingAdapter.m; sourceTree = "<group>"; };
		D7EB3E321DBFCE2E004B6730 /* background.jpeg */ = {isa = PBXFileReference; lastKnownFileType = image.jpeg; path = background.jpeg; sourceTree = "<group>"; };
		D7EB3E341DC0403C004B6730 /* UIViewController+PhotoPicker.h */ = {isa = PBXFileReference; fileEncoding = 4; lastKnownFileType = sourcecode.c.h; path = "UIViewController+PhotoPicker.h"; sourceTree = "<group>"; };
		D7EB3E351DC0403C004B6730 /* UIViewController+PhotoPicker.m */ = {isa = PBXFileReference; fileEncoding = 4; lastKnownFileType = sourcecode.c.objc; path = "UIViewController+PhotoPicker.m"; sourceTree = "<group>"; };
/* End PBXFileReference section */

/* Begin PBXFrameworksBuildPhase section */
		D7BB78D81DB91CB20073B2DC /* Frameworks */ = {
			isa = PBXFrameworksBuildPhase;
			buildActionMask = 2147483647;
			files = (
				5EF987B54FD99B5B151B354B /* libPods-HLLRoot.a in Frameworks */,
			);
			runOnlyForDeploymentPostprocessing = 0;
		};
		D7BB78F11DB91CB20073B2DC /* Frameworks */ = {
			isa = PBXFrameworksBuildPhase;
			buildActionMask = 2147483647;
			files = (
			);
			runOnlyForDeploymentPostprocessing = 0;
		};
/* End PBXFrameworksBuildPhase section */

/* Begin PBXGroup section */
		5880F2CE9AD7355201AE968E /* Pods */ = {
			isa = PBXGroup;
			children = (
				5AE209B837F9FD1EB2C40905 /* Pods-HLLRoot.debug.xcconfig */,
				98CE546AA43B0870196F27D0 /* Pods-HLLRoot.release.xcconfig */,
			);
			name = Pods;
			sourceTree = "<group>";
		};
		B6B97C3C078A8D92F1FCE471 /* Frameworks */ = {
			isa = PBXGroup;
			children = (
				54D595E2D29A7054731EAC26 /* libPods-HLLRoot.a */,
			);
			name = Frameworks;
			sourceTree = "<group>";
		};
		D71040A81DBC9E71000A8F9B /* HLLPlaceholderTextView */ = {
			isa = PBXGroup;
			children = (
				D71040A91DBC9E71000A8F9B /* HLLPlaceholderTextView.h */,
				D71040AA1DBC9E71000A8F9B /* HLLPlaceholderTextView.m */,
			);
			path = HLLPlaceholderTextView;
			sourceTree = "<group>";
		};
		D7A09F3B1DBB99BA00C93B2D /* View */ = {
			isa = PBXGroup;
			children = (
				D7A09F3C1DBB99CD00C93B2D /* HLLNoDataView.h */,
				D7A09F3D1DBB99CD00C93B2D /* HLLNoDataView.m */,
				D7CDB8801DBEEDAE00925DE2 /* PullToRefreshView.h */,
				D7CDB8811DBEEDAE00925DE2 /* PullToRefreshView.m */,
			);
			path = View;
			sourceTree = "<group>";
		};
		D7A09F401DBB9C5500C93B2D /* Category */ = {
			isa = PBXGroup;
			children = (
				D7A09F411DBB9C5500C93B2D /* UIColor+Common.h */,
				D7A09F421DBB9C5500C93B2D /* UIColor+Common.m */,
				D7A09F501DBBB4DB00C93B2D /* UIImage+ImageEffects.h */,
				D7A09F511DBBB4DB00C93B2D /* UIImage+ImageEffects.m */,
				D71040A51DBC9821000A8F9B /* UIImage+Common.h */,
				D71040A61DBC9821000A8F9B /* UIImage+Common.m */,
				D71040AC1DBC9FD2000A8F9B /* UILabel+ContentSize.h */,
				D71040AD1DBC9FD2000A8F9B /* UILabel+ContentSize.m */,
				D71040BE1DBD255C000A8F9B /* NSString+Common.h */,
				D71040BF1DBD255C000A8F9B /* NSString+Common.m */,
				D71040BB1DBD0C55000A8F9B /* AFHTTPSessionManager+AutoRetry.h */,
				D71040BC1DBD0C55000A8F9B /* AFHTTPSessionManager+AutoRetry.m */,
				D7EB3E341DC0403C004B6730 /* UIViewController+PhotoPicker.h */,
				D7EB3E351DC0403C004B6730 /* UIViewController+PhotoPicker.m */,
			);
			path = Category;
			sourceTree = "<group>";
		};
		D7A09F441DBB9C5500C93B2D /* HLLPullToRefreshView */ = {
			isa = PBXGroup;
			children = (
				D7A09F451DBB9C5500C93B2D /* HLLPullToRefreshInfiniteScrollHeader.h */,
				D7A09F481DBB9C5500C93B2D /* UIScrollView+HLLInfiniteScrollingView.h */,
				D7A09F491DBB9C5500C93B2D /* UIScrollView+HLLInfiniteScrollingView.m */,
				D7A09F4A1DBB9C5500C93B2D /* UIScrollView+HLLPullToRefreshView.h */,
				D7A09F4B1DBB9C5500C93B2D /* UIScrollView+HLLPullToRefreshView.m */,
			);
			path = HLLPullToRefreshView;
			sourceTree = "<group>";
		};
		D7A09F7A1DBC07F700C93B2D /* Protocol */ = {
			isa = PBXGroup;
			children = (
				D7A09F7B1DBC080A00C93B2D /* HLLNibProtocol.h */,
			);
			path = Protocol;
			sourceTree = "<group>";
		};
		D7B5D7271DC495F8002D0819 /* HLLNetworking */ = {
			isa = PBXGroup;
			children = (
				D7B5D7361DC495F8002D0819 /* V_3_X_Networking.h */,
				D7B5D7371DC495F8002D0819 /* V_3_X_Networking.m */,
				D7B5D7281DC495F8002D0819 /* BaseNetworking */,
				D7B5D72B1DC495F8002D0819 /* RequestBodyType */,
				D7B5D72F1DC495F8002D0819 /* RequestMethodType */,
				D7B5D7321DC495F8002D0819 /* ResponseDataType */,
			);
			path = HLLNetworking;
			sourceTree = "<group>";
		};
		D7B5D7281DC495F8002D0819 /* BaseNetworking */ = {
			isa = PBXGroup;
			children = (
				D7B5D7291DC495F8002D0819 /* HLLNetworking.h */,
				D7B5D72A1DC495F8002D0819 /* HLLNetworking.m */,
			);
			path = BaseNetworking;
			sourceTree = "<group>";
		};
		D7B5D72B1DC495F8002D0819 /* RequestBodyType */ = {
			isa = PBXGroup;
			children = (
				D7B5D72C1DC495F8002D0819 /* HLLRequestBodyType.h */,
				D7B5D72D1DC495F8002D0819 /* HLLRequestBodyType.m */,
				D7B5D72E1DC495F8002D0819 /* HLLRequestDictionarySerializer.h */,
			);
			path = RequestBodyType;
			sourceTree = "<group>";
		};
		D7B5D72F1DC495F8002D0819 /* RequestMethodType */ = {
			isa = PBXGroup;
			children = (
				D7B5D7301DC495F8002D0819 /* HLLRequestMethodType.h */,
				D7B5D7311DC495F8002D0819 /* HLLRequestMethodType.m */,
			);
			path = RequestMethodType;
			sourceTree = "<group>";
		};
		D7B5D7321DC495F8002D0819 /* ResponseDataType */ = {
			isa = PBXGroup;
			children = (
				D7B5D7331DC495F8002D0819 /* HLLResponseDataSerializer.h */,
				D7B5D7341DC495F8002D0819 /* HLLResponseDataType.h */,
				D7B5D7351DC495F8002D0819 /* HLLResponseDataType.m */,
			);
			path = ResponseDataType;
			sourceTree = "<group>";
		};
		D7BB78D21DB91CB20073B2DC = {
			isa = PBXGroup;
			children = (
				D7BB78DD1DB91CB20073B2DC /* HLLRoot */,
				D7BB78F71DB91CB20073B2DC /* HLLRootUITests */,
				D7BB78DC1DB91CB20073B2DC /* Products */,
				5880F2CE9AD7355201AE968E /* Pods */,
				B6B97C3C078A8D92F1FCE471 /* Frameworks */,
			);
			sourceTree = "<group>";
		};
		D7BB78DC1DB91CB20073B2DC /* Products */ = {
			isa = PBXGroup;
			children = (
				D7BB78DB1DB91CB20073B2DC /* HLLRoot.app */,
				D7BB78F41DB91CB20073B2DC /* HLLRootUITests.xctest */,
			);
			name = Products;
			sourceTree = "<group>";
		};
		D7BB78DD1DB91CB20073B2DC /* HLLRoot */ = {
			isa = PBXGroup;
			children = (
				D7BB78E11DB91CB20073B2DC /* AppDelegate.h */,
				D7BB78E21DB91CB20073B2DC /* AppDelegate.m */,
				D7BB78E41DB91CB20073B2DC /* ViewController.h */,
				D7BB78E51DB91CB20073B2DC /* ViewController.m */,
				D7A09F811DBC0D0E00C93B2D /* TestOneRequestViewController.h */,
				D7A09F821DBC0D0E00C93B2D /* TestOneRequestViewController.m */,
				D71040B21DBCCD3A000A8F9B /* TestMultiRequestViewController.h */,
				D71040B31DBCCD3A000A8F9B /* TestMultiRequestViewController.m */,
				D7606FA11DC2FEA500B34533 /* TestEncryptionRequestViewController.h */,
				D7606FA21DC2FEA500B34533 /* TestEncryptionRequestViewController.m */,
				D71040AF1DBCA905000A8F9B /* TestPageRequestViewController.h */,
				D71040B01DBCA905000A8F9B /* TestPageRequestViewController.m */,
				D7E82C5E1DBDF42F00EF6564 /* TestPageRequestSecondViewController.h */,
				D7E82C5F1DBDF42F00EF6564 /* TestPageRequestSecondViewController.m */,
				D7E82C661DBE508E00EF6564 /* TestPageRequestThirdViewController.h */,
				D7E82C671DBE508E00EF6564 /* TestPageRequestThirdViewController.m */,
				D71040B51DBCF2CA000A8F9B /* TestDownloadRequestViewController.h */,
				D71040B61DBCF2CA000A8F9B /* TestDownloadRequestViewController.m */,
				D71040B81DBCF2E1000A8F9B /* TestUploadRequestViewController.h */,
				D71040B91DBCF2E1000A8F9B /* TestUploadRequestViewController.m */,
				D7E82C611DBDF83700EF6564 /* TestCollectionViewCell.h */,
				D7E82C621DBDF83700EF6564 /* TestCollectionViewCell.m */,
				D7E82C631DBDF83700EF6564 /* TestCollectionViewCell.xib */,
				D7BB79031DB924D70073B2DC /* NetworkingViewController */,
				D7BB79071DB924D70073B2DC /* Thrid */,
				D7BB79081DB924DF0073B2DC /* Other */,
				D7BB78DE1DB91CB20073B2DC /* Supporting Files */,
			);
			path = HLLRoot;
			sourceTree = "<group>";
		};
		D7BB78DE1DB91CB20073B2DC /* Supporting Files */ = {
			isa = PBXGroup;
			children = (
				D7BB78DF1DB91CB20073B2DC /* main.m */,
			);
			name = "Supporting Files";
			sourceTree = "<group>";
		};
		D7BB78F71DB91CB20073B2DC /* HLLRootUITests */ = {
			isa = PBXGroup;
			children = (
				D7BB78F81DB91CB20073B2DC /* HLLRootUITests.m */,
				D7BB78FA1DB91CB20073B2DC /* Info.plist */,
			);
			path = HLLRootUITests;
			sourceTree = "<group>";
		};
		D7BB79031DB924D70073B2DC /* NetworkingViewController */ = {
			isa = PBXGroup;
			children = (
				D7BB79061DB924D70073B2DC /* ViewController */,
				D7BB79041DB924D70073B2DC /* Model */,
				D7A09F3B1DBB99BA00C93B2D /* View */,
				D7B5D7271DC495F8002D0819 /* HLLNetworking */,
				D7BB79051DB924D70073B2DC /* Other */,
			);
			path = NetworkingViewController;
			sourceTree = "<group>";
		};
		D7BB79041DB924D70073B2DC /* Model */ = {
			isa = PBXGroup;
			children = (
				D7A09F6F1DBBDF1600C93B2D /* HLLBaseRequestAdapter.h */,
				D7A09F701DBBDF1600C93B2D /* HLLBaseRequestAdapter.m */,
				D7EB3E2F1DBFA0F3004B6730 /* HLLBasePagingAdapter.h */,
				D7EB3E301DBFA0F3004B6730 /* HLLBasePagingAdapter.m */,
				D7EB3E2C1DBFA0B4004B6730 /* HLLBaseFileHandleAdapter.h */,
				D7EB3E2D1DBFA0B4004B6730 /* HLLBaseFileHandleAdapter.m */,
			);
			path = Model;
			sourceTree = "<group>";
		};
		D7BB79051DB924D70073B2DC /* Other */ = {
			isa = PBXGroup;
			children = (
				D7A09F7A1DBC07F700C93B2D /* Protocol */,
				D7A09F401DBB9C5500C93B2D /* Category */,
				D7EB3E371DC0927A004B6730 /* Manager */,
				D71040A81DBC9E71000A8F9B /* HLLPlaceholderTextView */,
				D7A09F441DBB9C5500C93B2D /* HLLPullToRefreshView */,
			);
			path = Other;
			sourceTree = "<group>";
		};
		D7BB79061DB924D70073B2DC /* ViewController */ = {
			isa = PBXGroup;
			children = (
				D7BB79091DB925080073B2DC /* HLLBaseViewController.h */,
				D7BB790A1DB925080073B2DC /* HLLBaseViewController.m */,
				D7A09F531DBBD11000C93B2D /* HLLListViewController.h */,
				D7A09F541DBBD11000C93B2D /* HLLListViewController.m */,
			);
			path = ViewController;
			sourceTree = "<group>";
		};
		D7BB79071DB924D70073B2DC /* Thrid */ = {
			isa = PBXGroup;
			children = (
			);
			path = Thrid;
			sourceTree = "<group>";
		};
		D7BB79081DB924DF0073B2DC /* Other */ = {
			isa = PBXGroup;
			children = (
				D7EB3E321DBFCE2E004B6730 /* background.jpeg */,
				D7BB78EA1DB91CB20073B2DC /* Assets.xcassets */,
				D7BB78EF1DB91CB20073B2DC /* Info.plist */,
				D7A09F3F1DBB9A3100C93B2D /* PrefixHeader.pch */,
			);
			name = Other;
			sourceTree = "<group>";
		};
		D7EB3E371DC0927A004B6730 /* Manager */ = {
			isa = PBXGroup;
			children = (
				D7D46B911DC0FCE3004B0B95 /* FileHandle.h */,
				D7D46B921DC0FCE3004B0B95 /* FileHandle.m */,
			);
			path = Manager;
			sourceTree = "<group>";
		};
/* End PBXGroup section */

/* Begin PBXNativeTarget section */
		D7BB78DA1DB91CB20073B2DC /* HLLRoot */ = {
			isa = PBXNativeTarget;
			buildConfigurationList = D7BB78FD1DB91CB20073B2DC /* Build configuration list for PBXNativeTarget "HLLRoot" */;
			buildPhases = (
				A2E0F7F695F79FFE86268225 /* Check Pods Manifest.lock */,
				D7BB78D71DB91CB20073B2DC /* Sources */,
				D7BB78D81DB91CB20073B2DC /* Frameworks */,
				D7BB78D91DB91CB20073B2DC /* Resources */,
				FC293876104D9BB41A181377 /* Embed Pods Frameworks */,
				0EF5D9310E98B109653A0773 /* Copy Pods Resources */,
			);
			buildRules = (
			);
			dependencies = (
			);
			name = HLLRoot;
			productName = HLLRoot;
			productReference = D7BB78DB1DB91CB20073B2DC /* HLLRoot.app */;
			productType = "com.apple.product-type.application";
		};
		D7BB78F31DB91CB20073B2DC /* HLLRootUITests */ = {
			isa = PBXNativeTarget;
			buildConfigurationList = D7BB79001DB91CB20073B2DC /* Build configuration list for PBXNativeTarget "HLLRootUITests" */;
			buildPhases = (
				D7BB78F01DB91CB20073B2DC /* Sources */,
				D7BB78F11DB91CB20073B2DC /* Frameworks */,
				D7BB78F21DB91CB20073B2DC /* Resources */,
			);
			buildRules = (
			);
			dependencies = (
				D7BB78F61DB91CB20073B2DC /* PBXTargetDependency */,
			);
			name = HLLRootUITests;
			productName = HLLRootUITests;
			productReference = D7BB78F41DB91CB20073B2DC /* HLLRootUITests.xctest */;
			productType = "com.apple.product-type.bundle.ui-testing";
		};
/* End PBXNativeTarget section */

/* Begin PBXProject section */
		D7BB78D31DB91CB20073B2DC /* Project object */ = {
			isa = PBXProject;
			attributes = {
				LastUpgradeCheck = 0800;
				ORGANIZATIONNAME = HLL;
				TargetAttributes = {
					D7BB78DA1DB91CB20073B2DC = {
						CreatedOnToolsVersion = 8.0;
						DevelopmentTeam = KL2VEA58PA;
						DevelopmentTeamName = "Jiangsu meihe Property Service Co.,Ltd";
						ProvisioningStyle = Automatic;
					};
					D7BB78F31DB91CB20073B2DC = {
						CreatedOnToolsVersion = 8.0;
						DevelopmentTeam = KL2VEA58PA;
						DevelopmentTeamName = "Jiangsu meihe Property Service Co.,Ltd";
						ProvisioningStyle = Automatic;
						TestTargetID = D7BB78DA1DB91CB20073B2DC;
					};
				};
			};
			buildConfigurationList = D7BB78D61DB91CB20073B2DC /* Build configuration list for PBXProject "HLLRoot" */;
			compatibilityVersion = "Xcode 3.2";
			developmentRegion = English;
			hasScannedForEncodings = 0;
			knownRegions = (
				en,
				Base,
			);
			mainGroup = D7BB78D21DB91CB20073B2DC;
			productRefGroup = D7BB78DC1DB91CB20073B2DC /* Products */;
			projectDirPath = "";
			projectRoot = "";
			targets = (
				D7BB78DA1DB91CB20073B2DC /* HLLRoot */,
				D7BB78F31DB91CB20073B2DC /* HLLRootUITests */,
			);
		};
/* End PBXProject section */

/* Begin PBXResourcesBuildPhase section */
		D7BB78D91DB91CB20073B2DC /* Resources */ = {
			isa = PBXResourcesBuildPhase;
			buildActionMask = 2147483647;
			files = (
				D7E82C651DBDF83700EF6564 /* TestCollectionViewCell.xib in Resources */,
				D7EB3E331DBFCE2E004B6730 /* background.jpeg in Resources */,
				D7BB78EB1DB91CB20073B2DC /* Assets.xcassets in Resources */,
			);
			runOnlyForDeploymentPostprocessing = 0;
		};
		D7BB78F21DB91CB20073B2DC /* Resources */ = {
			isa = PBXResourcesBuildPhase;
			buildActionMask = 2147483647;
			files = (
			);
			runOnlyForDeploymentPostprocessing = 0;
		};
/* End PBXResourcesBuildPhase section */

/* Begin PBXShellScriptBuildPhase section */
		0EF5D9310E98B109653A0773 /* Copy Pods Resources */ = {
			isa = PBXShellScriptBuildPhase;
			buildActionMask = 2147483647;
			files = (
			);
			inputPaths = (
			);
			name = "Copy Pods Resources";
			outputPaths = (
			);
			runOnlyForDeploymentPostprocessing = 0;
			shellPath = /bin/sh;
			shellScript = "\"${SRCROOT}/Pods/Target Support Files/Pods-HLLRoot/Pods-HLLRoot-resources.sh\"\n";
			showEnvVarsInLog = 0;
		};
		A2E0F7F695F79FFE86268225 /* Check Pods Manifest.lock */ = {
			isa = PBXShellScriptBuildPhase;
			buildActionMask = 2147483647;
			files = (
			);
			inputPaths = (
			);
			name = "Check Pods Manifest.lock";
			outputPaths = (
			);
			runOnlyForDeploymentPostprocessing = 0;
			shellPath = /bin/sh;
			shellScript = "diff \"${PODS_ROOT}/../Podfile.lock\" \"${PODS_ROOT}/Manifest.lock\" > /dev/null\nif [[ $? != 0 ]] ; then\n    cat << EOM\nerror: The sandbox is not in sync with the Podfile.lock. Run 'pod install' or update your CocoaPods installation.\nEOM\n    exit 1\nfi\n";
			showEnvVarsInLog = 0;
		};
		FC293876104D9BB41A181377 /* Embed Pods Frameworks */ = {
			isa = PBXShellScriptBuildPhase;
			buildActionMask = 2147483647;
			files = (
			);
			inputPaths = (
			);
			name = "Embed Pods Frameworks";
			outputPaths = (
			);
			runOnlyForDeploymentPostprocessing = 0;
			shellPath = /bin/sh;
			shellScript = "\"${SRCROOT}/Pods/Target Support Files/Pods-HLLRoot/Pods-HLLRoot-frameworks.sh\"\n";
			showEnvVarsInLog = 0;
		};
/* End PBXShellScriptBuildPhase section */

/* Begin PBXSourcesBuildPhase section */
		D7BB78D71DB91CB20073B2DC /* Sources */ = {
			isa = PBXSourcesBuildPhase;
			buildActionMask = 2147483647;
			files = (
				D7A09F4C1DBB9C5500C93B2D /* UIColor+Common.m in Sources */,
				D7BB790B1DB925080073B2DC /* HLLBaseViewController.m in Sources */,
				D71040BD1DBD0C55000A8F9B /* AFHTTPSessionManager+AutoRetry.m in Sources */,
				D7BB78E61DB91CB20073B2DC /* ViewController.m in Sources */,
				D7D46B931DC0FCE3004B0B95 /* FileHandle.m in Sources */,
				D7A09F551DBBD11000C93B2D /* HLLListViewController.m in Sources */,
				D7A09F4F1DBB9C5500C93B2D /* UIScrollView+HLLPullToRefreshView.m in Sources */,
				D71040AE1DBC9FD2000A8F9B /* UILabel+ContentSize.m in Sources */,
				D7B5D73A1DC495F8002D0819 /* HLLRequestMethodType.m in Sources */,
				D7B5D7391DC495F8002D0819 /* HLLRequestBodyType.m in Sources */,
				D71040C01DBD255C000A8F9B /* NSString+Common.m in Sources */,
				D7B5D73B1DC495F8002D0819 /* HLLResponseDataType.m in Sources */,
				D7B5D73C1DC495F8002D0819 /* V_3_X_Networking.m in Sources */,
				D71040AB1DBC9E71000A8F9B /* HLLPlaceholderTextView.m in Sources */,
				D7A09F4E1DBB9C5500C93B2D /* UIScrollView+HLLInfiniteScrollingView.m in Sources */,
				D7EB3E361DC0403C004B6730 /* UIViewController+PhotoPicker.m in Sources */,
				D7EB3E2E1DBFA0B4004B6730 /* HLLBaseFileHandleAdapter.m in Sources */,
				D7A09F831DBC0D0E00C93B2D /* TestOneRequestViewController.m in Sources */,
				D71040B11DBCA906000A8F9B /* TestPageRequestViewController.m in Sources */,
				D7E82C681DBE508E00EF6564 /* TestPageRequestThirdViewController.m in Sources */,
				D7B5D7381DC495F8002D0819 /* HLLNetworking.m in Sources */,
				D7A09F521DBBB4DB00C93B2D /* UIImage+ImageEffects.m in Sources */,
				D7BB78E31DB91CB20073B2DC /* AppDelegate.m in Sources */,
				D71040BA1DBCF2E1000A8F9B /* TestUploadRequestViewController.m in Sources */,
				D7E82C601DBDF42F00EF6564 /* TestPageRequestSecondViewController.m in Sources */,
				D71040B41DBCCD3A000A8F9B /* TestMultiRequestViewController.m in Sources */,
				D7EB3E311DBFA0F3004B6730 /* HLLBasePagingAdapter.m in Sources */,
				D7CDB8821DBEEDAE00925DE2 /* PullToRefreshView.m in Sources */,
				D7A09F3E1DBB99CD00C93B2D /* HLLNoDataView.m in Sources */,
				D71040B71DBCF2CA000A8F9B /* TestDownloadRequestViewController.m in Sources */,
				D7606FA31DC2FEA500B34533 /* TestEncryptionRequestViewController.m in Sources */,
				D7A09F711DBBDF1600C93B2D /* HLLBaseRequestAdapter.m in Sources */,
				D7BB78E01DB91CB20073B2DC /* main.m in Sources */,
				D71040A71DBC9821000A8F9B /* UIImage+Common.m in Sources */,
				D7E82C641DBDF83700EF6564 /* TestCollectionViewCell.m in Sources */,
			);
			runOnlyForDeploymentPostprocessing = 0;
		};
		D7BB78F01DB91CB20073B2DC /* Sources */ = {
			isa = PBXSourcesBuildPhase;
			buildActionMask = 2147483647;
			files = (
				D7BB78F91DB91CB20073B2DC /* HLLRootUITests.m in Sources */,
			);
			runOnlyForDeploymentPostprocessing = 0;
		};
/* End PBXSourcesBuildPhase section */

/* Begin PBXTargetDependency section */
		D7BB78F61DB91CB20073B2DC /* PBXTargetDependency */ = {
			isa = PBXTargetDependency;
			target = D7BB78DA1DB91CB20073B2DC /* HLLRoot */;
			targetProxy = D7BB78F51DB91CB20073B2DC /* PBXContainerItemProxy */;
		};
/* End PBXTargetDependency section */

/* Begin XCBuildConfiguration section */
		D7BB78FB1DB91CB20073B2DC /* Debug */ = {
			isa = XCBuildConfiguration;
			buildSettings = {
				ALWAYS_SEARCH_USER_PATHS = NO;
				CLANG_ANALYZER_NONNULL = YES;
				CLANG_CXX_LANGUAGE_STANDARD = "gnu++0x";
				CLANG_CXX_LIBRARY = "libc++";
				CLANG_ENABLE_MODULES = YES;
				CLANG_ENABLE_OBJC_ARC = YES;
				CLANG_WARN_BOOL_CONVERSION = YES;
				CLANG_WARN_CONSTANT_CONVERSION = YES;
				CLANG_WARN_DIRECT_OBJC_ISA_USAGE = YES_ERROR;
				CLANG_WARN_DOCUMENTATION_COMMENTS = YES;
				CLANG_WARN_EMPTY_BODY = YES;
				CLANG_WARN_ENUM_CONVERSION = YES;
				CLANG_WARN_INT_CONVERSION = YES;
				CLANG_WARN_OBJC_ROOT_CLASS = YES_ERROR;
				CLANG_WARN_UNREACHABLE_CODE = YES;
				CLANG_WARN__DUPLICATE_METHOD_MATCH = YES;
				"CODE_SIGN_IDENTITY[sdk=iphoneos*]" = "iPhone Developer";
				COPY_PHASE_STRIP = NO;
				DEBUG_INFORMATION_FORMAT = dwarf;
				ENABLE_STRICT_OBJC_MSGSEND = YES;
				ENABLE_TESTABILITY = YES;
				GCC_C_LANGUAGE_STANDARD = gnu99;
				GCC_DYNAMIC_NO_PIC = NO;
				GCC_NO_COMMON_BLOCKS = YES;
				GCC_OPTIMIZATION_LEVEL = 0;
				GCC_PREPROCESSOR_DEFINITIONS = (
					"DEBUG=1",
					"$(inherited)",
				);
				GCC_WARN_64_TO_32_BIT_CONVERSION = YES;
				GCC_WARN_ABOUT_RETURN_TYPE = YES_ERROR;
				GCC_WARN_UNDECLARED_SELECTOR = YES;
				GCC_WARN_UNINITIALIZED_AUTOS = YES_AGGRESSIVE;
				GCC_WARN_UNUSED_FUNCTION = YES;
				GCC_WARN_UNUSED_VARIABLE = YES;
				IPHONEOS_DEPLOYMENT_TARGET = 9.0;
				MTL_ENABLE_DEBUG_INFO = YES;
				ONLY_ACTIVE_ARCH = YES;
				SDKROOT = iphoneos;
				TARGETED_DEVICE_FAMILY = "1,2";
			};
			name = Debug;
		};
		D7BB78FC1DB91CB20073B2DC /* Release */ = {
			isa = XCBuildConfiguration;
			buildSettings = {
				ALWAYS_SEARCH_USER_PATHS = NO;
				CLANG_ANALYZER_NONNULL = YES;
				CLANG_CXX_LANGUAGE_STANDARD = "gnu++0x";
				CLANG_CXX_LIBRARY = "libc++";
				CLANG_ENABLE_MODULES = YES;
				CLANG_ENABLE_OBJC_ARC = YES;
				CLANG_WARN_BOOL_CONVERSION = YES;
				CLANG_WARN_CONSTANT_CONVERSION = YES;
				CLANG_WARN_DIRECT_OBJC_ISA_USAGE = YES_ERROR;
				CLANG_WARN_DOCUMENTATION_COMMENTS = YES;
				CLANG_WARN_EMPTY_BODY = YES;
				CLANG_WARN_ENUM_CONVERSION = YES;
				CLANG_WARN_INT_CONVERSION = YES;
				CLANG_WARN_OBJC_ROOT_CLASS = YES_ERROR;
				CLANG_WARN_UNREACHABLE_CODE = YES;
				CLANG_WARN__DUPLICATE_METHOD_MATCH = YES;
				"CODE_SIGN_IDENTITY[sdk=iphoneos*]" = "iPhone Developer";
				COPY_PHASE_STRIP = NO;
				DEBUG_INFORMATION_FORMAT = "dwarf-with-dsym";
				ENABLE_NS_ASSERTIONS = NO;
				ENABLE_STRICT_OBJC_MSGSEND = YES;
				GCC_C_LANGUAGE_STANDARD = gnu99;
				GCC_NO_COMMON_BLOCKS = YES;
				GCC_WARN_64_TO_32_BIT_CONVERSION = YES;
				GCC_WARN_ABOUT_RETURN_TYPE = YES_ERROR;
				GCC_WARN_UNDECLARED_SELECTOR = YES;
				GCC_WARN_UNINITIALIZED_AUTOS = YES_AGGRESSIVE;
				GCC_WARN_UNUSED_FUNCTION = YES;
				GCC_WARN_UNUSED_VARIABLE = YES;
				IPHONEOS_DEPLOYMENT_TARGET = 9.0;
				MTL_ENABLE_DEBUG_INFO = NO;
				SDKROOT = iphoneos;
				TARGETED_DEVICE_FAMILY = "1,2";
				VALIDATE_PRODUCT = YES;
			};
			name = Release;
		};
		D7BB78FE1DB91CB20073B2DC /* Debug */ = {
			isa = XCBuildConfiguration;
			baseConfigurationReference = 5AE209B837F9FD1EB2C40905 /* Pods-HLLRoot.debug.xcconfig */;
			buildSettings = {
				ASSETCATALOG_COMPILER_APPICON_NAME = AppIcon;
				ENABLE_BITCODE = NO;
				GCC_PRECOMPILE_PREFIX_HEADER = YES;
				GCC_PREFIX_HEADER = "$(SRCROOT)/HLLRoot/PrefixHeader.pch";
				INFOPLIST_FILE = HLLRoot/Info.plist;
				IPHONEOS_DEPLOYMENT_TARGET = 9.0;
				LD_RUNPATH_SEARCH_PATHS = "$(inherited) @executable_path/Frameworks";
				PRODUCT_BUNDLE_IDENTIFIER = HLL.HLLRoot;
				PRODUCT_NAME = "$(TARGET_NAME)";
			};
			name = Debug;
		};
		D7BB78FF1DB91CB20073B2DC /* Release */ = {
			isa = XCBuildConfiguration;
			baseConfigurationReference = 98CE546AA43B0870196F27D0 /* Pods-HLLRoot.release.xcconfig */;
			buildSettings = {
				ASSETCATALOG_COMPILER_APPICON_NAME = AppIcon;
				ENABLE_BITCODE = NO;
				GCC_PRECOMPILE_PREFIX_HEADER = YES;
				GCC_PREFIX_HEADER = "$(SRCROOT)/HLLRoot/PrefixHeader.pch";
				INFOPLIST_FILE = HLLRoot/Info.plist;
				IPHONEOS_DEPLOYMENT_TARGET = 9.0;
				LD_RUNPATH_SEARCH_PATHS = "$(inherited) @executable_path/Frameworks";
				PRODUCT_BUNDLE_IDENTIFIER = HLL.HLLRoot;
				PRODUCT_NAME = "$(TARGET_NAME)";
			};
			name = Release;
		};
		D7BB79011DB91CB20073B2DC /* Debug */ = {
			isa = XCBuildConfiguration;
			buildSettings = {
				INFOPLIST_FILE = HLLRootUITests/Info.plist;
				IPHONEOS_DEPLOYMENT_TARGET = 9.0;
				LD_RUNPATH_SEARCH_PATHS = "$(inherited) @executable_path/Frameworks @loader_path/Frameworks";
				PRODUCT_BUNDLE_IDENTIFIER = HLL.HLLRootUITests;
				PRODUCT_NAME = "$(TARGET_NAME)";
				TEST_TARGET_NAME = HLLRoot;
			};
			name = Debug;
		};
		D7BB79021DB91CB20073B2DC /* Release */ = {
			isa = XCBuildConfiguration;
			buildSettings = {
				INFOPLIST_FILE = HLLRootUITests/Info.plist;
				IPHONEOS_DEPLOYMENT_TARGET = 9.0;
				LD_RUNPATH_SEARCH_PATHS = "$(inherited) @executable_path/Frameworks @loader_path/Frameworks";
				PRODUCT_BUNDLE_IDENTIFIER = HLL.HLLRootUITests;
				PRODUCT_NAME = "$(TARGET_NAME)";
				TEST_TARGET_NAME = HLLRoot;
			};
			name = Release;
		};
/* End XCBuildConfiguration section */

/* Begin XCConfigurationList section */
		D7BB78D61DB91CB20073B2DC /* Build configuration list for PBXProject "HLLRoot" */ = {
			isa = XCConfigurationList;
			buildConfigurations = (
				D7BB78FB1DB91CB20073B2DC /* Debug */,
				D7BB78FC1DB91CB20073B2DC /* Release */,
			);
			defaultConfigurationIsVisible = 0;
			defaultConfigurationName = Release;
		};
		D7BB78FD1DB91CB20073B2DC /* Build configuration list for PBXNativeTarget "HLLRoot" */ = {
			isa = XCConfigurationList;
			buildConfigurations = (
				D7BB78FE1DB91CB20073B2DC /* Debug */,
				D7BB78FF1DB91CB20073B2DC /* Release */,
			);
			defaultConfigurationIsVisible = 0;
			defaultConfigurationName = Release;
		};
		D7BB79001DB91CB20073B2DC /* Build configuration list for PBXNativeTarget "HLLRootUITests" */ = {
			isa = XCConfigurationList;
			buildConfigurations = (
				D7BB79011DB91CB20073B2DC /* Debug */,
				D7BB79021DB91CB20073B2DC /* Release */,
			);
			defaultConfigurationIsVisible = 0;
			defaultConfigurationName = Release;
		};
/* End XCConfigurationList section */
	};
	rootObject = D7BB78D31DB91CB20073B2DC /* Project object */;
}
